// !$*UTF8*$!
{
	archiveVersion = 1;
	classes = {
	};
	objectVersion = 55;
	objects = {

/* Begin PBXBuildFile section */
		7F59E62A28C319FC004B3768 /* CityListInteractor.swift in Sources */ = {isa = PBXBuildFile; fileRef = 7F59E62928C319FC004B3768 /* CityListInteractor.swift */; };
		7F59E62C28C31A69004B3768 /* CityListPresenter.swift in Sources */ = {isa = PBXBuildFile; fileRef = 7F59E62B28C31A69004B3768 /* CityListPresenter.swift */; };
		7F59E62E28C31B4F004B3768 /* WeatherDetailsWorker.swift in Sources */ = {isa = PBXBuildFile; fileRef = 7F59E62D28C31B4F004B3768 /* WeatherDetailsWorker.swift */; };
		7F59E63028C31C77004B3768 /* WeatherLocalAPI.swift in Sources */ = {isa = PBXBuildFile; fileRef = 7F59E62F28C31C77004B3768 /* WeatherLocalAPI.swift */; };
		7F59E63228C31D34004B3768 /* CityListModel.swift in Sources */ = {isa = PBXBuildFile; fileRef = 7F59E63128C31D34004B3768 /* CityListModel.swift */; };
		7F59E63428C31E3C004B3768 /* cities.json in Resources */ = {isa = PBXBuildFile; fileRef = 7F59E63328C31E3C004B3768 /* cities.json */; };
		7F59E63728C3408A004B3768 /* Constants.swift in Sources */ = {isa = PBXBuildFile; fileRef = 7F59E63628C3408A004B3768 /* Constants.swift */; };
		7F59E63C28C3433B004B3768 /* Collection+Extension.swift in Sources */ = {isa = PBXBuildFile; fileRef = 7F59E63B28C3433B004B3768 /* Collection+Extension.swift */; };
		7F59E63E28C346A7004B3768 /* CityListRouter.swift in Sources */ = {isa = PBXBuildFile; fileRef = 7F59E63D28C346A7004B3768 /* CityListRouter.swift */; };
		7F59E64628C358E5004B3768 /* CityListControllerTests.swift in Sources */ = {isa = PBXBuildFile; fileRef = 7F59E64528C358E5004B3768 /* CityListControllerTests.swift */; };
		7F59E64828C35C62004B3768 /* CityListInteractorTests.swift in Sources */ = {isa = PBXBuildFile; fileRef = 7F59E64728C35C62004B3768 /* CityListInteractorTests.swift */; };
		7F59E64A28C364C4004B3768 /* CityListPresenterTests.swift in Sources */ = {isa = PBXBuildFile; fileRef = 7F59E64928C364C4004B3768 /* CityListPresenterTests.swift */; };
		7F59E64C28C44637004B3768 /* ContactUsViewController.swift in Sources */ = {isa = PBXBuildFile; fileRef = 7F59E64B28C44637004B3768 /* ContactUsViewController.swift */; };
		7F59E64F28C44657004B3768 /* ContactUsInteractor.swift in Sources */ = {isa = PBXBuildFile; fileRef = 7F59E64E28C44657004B3768 /* ContactUsInteractor.swift */; };
		7F59E65128C44661004B3768 /* ContactUsPresenter.swift in Sources */ = {isa = PBXBuildFile; fileRef = 7F59E65028C44661004B3768 /* ContactUsPresenter.swift */; };
		7F59E65328C446B6004B3768 /* ContactUsModel.swift in Sources */ = {isa = PBXBuildFile; fileRef = 7F59E65228C446B6004B3768 /* ContactUsModel.swift */; };
		7F59E65528C44D2C004B3768 /* ContactUsInputTableViewCell.swift in Sources */ = {isa = PBXBuildFile; fileRef = 7F59E65428C44D2C004B3768 /* ContactUsInputTableViewCell.swift */; };
		7F59E65728C44D3B004B3768 /* ContactUsButtonTableViewCell.swift in Sources */ = {isa = PBXBuildFile; fileRef = 7F59E65628C44D3B004B3768 /* ContactUsButtonTableViewCell.swift */; };
		7F59E65928C4517B004B3768 /* ContactUsWorker.swift in Sources */ = {isa = PBXBuildFile; fileRef = 7F59E65828C4517B004B3768 /* ContactUsWorker.swift */; };
		7F59E65B28C453A2004B3768 /* WeatherAPI.swift in Sources */ = {isa = PBXBuildFile; fileRef = 7F59E65A28C453A2004B3768 /* WeatherAPI.swift */; };
		7F59E65D28C45480004B3768 /* ContactUsLocalAPI.swift in Sources */ = {isa = PBXBuildFile; fileRef = 7F59E65C28C45480004B3768 /* ContactUsLocalAPI.swift */; };
		7F59E65F28C45B07004B3768 /* ContactUsAPI.swift in Sources */ = {isa = PBXBuildFile; fileRef = 7F59E65E28C45B07004B3768 /* ContactUsAPI.swift */; };
		7F59E66228C4694D004B3768 /* UIViewController+Extension.swift in Sources */ = {isa = PBXBuildFile; fileRef = 7F59E66128C4694D004B3768 /* UIViewController+Extension.swift */; };
		7F59E66428C46B5E004B3768 /* Constants+Localisable.swift in Sources */ = {isa = PBXBuildFile; fileRef = 7F59E66328C46B5E004B3768 /* Constants+Localisable.swift */; };
		7F59E66628C46E64004B3768 /* UITableView+Extension.swift in Sources */ = {isa = PBXBuildFile; fileRef = 7F59E66528C46E64004B3768 /* UITableView+Extension.swift */; };
		7F59E66828C4905D004B3768 /* CustomTextField.swift in Sources */ = {isa = PBXBuildFile; fileRef = 7F59E66728C4905D004B3768 /* CustomTextField.swift */; };
		7F59E66A28C49D9B004B3768 /* ContactUsTableFooterView.swift in Sources */ = {isa = PBXBuildFile; fileRef = 7F59E66928C49D9B004B3768 /* ContactUsTableFooterView.swift */; };
		7F59E66C28C4AC80004B3768 /* ContactUsViewControllerTests.swift in Sources */ = {isa = PBXBuildFile; fileRef = 7F59E66B28C4AC80004B3768 /* ContactUsViewControllerTests.swift */; };
		7F59E66F28C4BDAE004B3768 /* ContactUsInteractorTests.swift in Sources */ = {isa = PBXBuildFile; fileRef = 7F59E66E28C4BDAE004B3768 /* ContactUsInteractorTests.swift */; };
		7F59E67128C4CEEB004B3768 /* ContactUsPresenterTests.swift in Sources */ = {isa = PBXBuildFile; fileRef = 7F59E67028C4CEEB004B3768 /* ContactUsPresenterTests.swift */; };
		7F59E67F28C4EABB004B3768 /* weatherDetails.json in Resources */ = {isa = PBXBuildFile; fileRef = 7F59E67E28C4EABB004B3768 /* weatherDetails.json */; };
		7F59E68028C4EBA8004B3768 /* WeatherDetailsViewController.swift in Sources */ = {isa = PBXBuildFile; fileRef = 7F59E67228C4DEE3004B3768 /* WeatherDetailsViewController.swift */; };
		7F59E68228C4EBAF004B3768 /* WeatherDetailsModel.swift in Sources */ = {isa = PBXBuildFile; fileRef = 7F59E67928C4DF20004B3768 /* WeatherDetailsModel.swift */; };
		7F59E68328C4EBAF004B3768 /* WeatherDetailsInteractor.swift in Sources */ = {isa = PBXBuildFile; fileRef = 7F59E67528C4DF04004B3768 /* WeatherDetailsInteractor.swift */; };
		7F59E68428C4EBAF004B3768 /* WeatherDetailsPresenter.swift in Sources */ = {isa = PBXBuildFile; fileRef = 7F59E67728C4DF0F004B3768 /* WeatherDetailsPresenter.swift */; };
		7F59E68728C50020004B3768 /* WeatherDetailsTableViewCell.swift in Sources */ = {isa = PBXBuildFile; fileRef = 7F59E68528C50020004B3768 /* WeatherDetailsTableViewCell.swift */; };
		7F59E68828C50020004B3768 /* WeatherDetailsTableViewCell.xib in Resources */ = {isa = PBXBuildFile; fileRef = 7F59E68628C50020004B3768 /* WeatherDetailsTableViewCell.xib */; };
		7F59E68A28C51A5B004B3768 /* WeatherDetailsControllerTests.swift in Sources */ = {isa = PBXBuildFile; fileRef = 7F59E68928C51A5B004B3768 /* WeatherDetailsControllerTests.swift */; };
		7F59E68D28C526D7004B3768 /* WeatherDetailsInteractorTests.swift in Sources */ = {isa = PBXBuildFile; fileRef = 7F59E68C28C526D7004B3768 /* WeatherDetailsInteractorTests.swift */; };
		7F59E68F28C52C79004B3768 /* WeatherDetailsPresenterTests.swift in Sources */ = {isa = PBXBuildFile; fileRef = 7F59E68E28C52C79004B3768 /* WeatherDetailsPresenterTests.swift */; };
		7FA2C05928C316FC004A0205 /* AppDelegate.swift in Sources */ = {isa = PBXBuildFile; fileRef = 7FA2C05828C316FC004A0205 /* AppDelegate.swift */; };
		7FA2C05B28C316FC004A0205 /* SceneDelegate.swift in Sources */ = {isa = PBXBuildFile; fileRef = 7FA2C05A28C316FC004A0205 /* SceneDelegate.swift */; };
		7FA2C05D28C316FC004A0205 /* CityListViewController.swift in Sources */ = {isa = PBXBuildFile; fileRef = 7FA2C05C28C316FC004A0205 /* CityListViewController.swift */; };
		7FA2C06028C316FC004A0205 /* Main.storyboard in Resources */ = {isa = PBXBuildFile; fileRef = 7FA2C05E28C316FC004A0205 /* Main.storyboard */; };
		7FA2C06228C316FD004A0205 /* Assets.xcassets in Resources */ = {isa = PBXBuildFile; fileRef = 7FA2C06128C316FD004A0205 /* Assets.xcassets */; };
		7FA2C06528C316FD004A0205 /* LaunchScreen.storyboard in Resources */ = {isa = PBXBuildFile; fileRef = 7FA2C06328C316FD004A0205 /* LaunchScreen.storyboard */; };
		7FA2C07028C316FD004A0205 /* WeatherTests.swift in Sources */ = {isa = PBXBuildFile; fileRef = 7FA2C06F28C316FD004A0205 /* WeatherTests.swift */; };
		7FA2C07A28C316FE004A0205 /* WeatherUITests.swift in Sources */ = {isa = PBXBuildFile; fileRef = 7FA2C07928C316FE004A0205 /* WeatherUITests.swift */; };
		7FA2C07C28C316FE004A0205 /* WeatherUITestsLaunchTests.swift in Sources */ = {isa = PBXBuildFile; fileRef = 7FA2C07B28C316FE004A0205 /* WeatherUITestsLaunchTests.swift */; };
/* End PBXBuildFile section */

/* Begin PBXContainerItemProxy section */
		7FA2C06C28C316FD004A0205 /* PBXContainerItemProxy */ = {
			isa = PBXContainerItemProxy;
			containerPortal = 7FA2C04D28C316FC004A0205 /* Project object */;
			proxyType = 1;
			remoteGlobalIDString = 7FA2C05428C316FC004A0205;
			remoteInfo = Weather;
		};
		7FA2C07628C316FE004A0205 /* PBXContainerItemProxy */ = {
			isa = PBXContainerItemProxy;
			containerPortal = 7FA2C04D28C316FC004A0205 /* Project object */;
			proxyType = 1;
			remoteGlobalIDString = 7FA2C05428C316FC004A0205;
			remoteInfo = Weather;
		};
/* End PBXContainerItemProxy section */

/* Begin PBXFileReference section */
		7F59E62928C319FC004B3768 /* CityListInteractor.swift */ = {isa = PBXFileReference; lastKnownFileType = sourcecode.swift; path = CityListInteractor.swift; sourceTree = "<group>"; };
		7F59E62B28C31A69004B3768 /* CityListPresenter.swift */ = {isa = PBXFileReference; lastKnownFileType = sourcecode.swift; path = CityListPresenter.swift; sourceTree = "<group>"; };
		7F59E62D28C31B4F004B3768 /* WeatherDetailsWorker.swift */ = {isa = PBXFileReference; lastKnownFileType = sourcecode.swift; path = WeatherDetailsWorker.swift; sourceTree = "<group>"; };
		7F59E62F28C31C77004B3768 /* WeatherLocalAPI.swift */ = {isa = PBXFileReference; lastKnownFileType = sourcecode.swift; path = WeatherLocalAPI.swift; sourceTree = "<group>"; };
		7F59E63128C31D34004B3768 /* CityListModel.swift */ = {isa = PBXFileReference; lastKnownFileType = sourcecode.swift; path = CityListModel.swift; sourceTree = "<group>"; };
		7F59E63328C31E3C004B3768 /* cities.json */ = {isa = PBXFileReference; lastKnownFileType = text.json; path = cities.json; sourceTree = "<group>"; };
		7F59E63628C3408A004B3768 /* Constants.swift */ = {isa = PBXFileReference; lastKnownFileType = sourcecode.swift; path = Constants.swift; sourceTree = "<group>"; };
		7F59E63B28C3433B004B3768 /* Collection+Extension.swift */ = {isa = PBXFileReference; lastKnownFileType = sourcecode.swift; path = "Collection+Extension.swift"; sourceTree = "<group>"; };
		7F59E63D28C346A7004B3768 /* CityListRouter.swift */ = {isa = PBXFileReference; lastKnownFileType = sourcecode.swift; path = CityListRouter.swift; sourceTree = "<group>"; };
		7F59E64528C358E5004B3768 /* CityListControllerTests.swift */ = {isa = PBXFileReference; lastKnownFileType = sourcecode.swift; path = CityListControllerTests.swift; sourceTree = "<group>"; };
		7F59E64728C35C62004B3768 /* CityListInteractorTests.swift */ = {isa = PBXFileReference; lastKnownFileType = sourcecode.swift; path = CityListInteractorTests.swift; sourceTree = "<group>"; };
		7F59E64928C364C4004B3768 /* CityListPresenterTests.swift */ = {isa = PBXFileReference; lastKnownFileType = sourcecode.swift; path = CityListPresenterTests.swift; sourceTree = "<group>"; };
		7F59E64B28C44637004B3768 /* ContactUsViewController.swift */ = {isa = PBXFileReference; lastKnownFileType = sourcecode.swift; path = ContactUsViewController.swift; sourceTree = "<group>"; };
		7F59E64E28C44657004B3768 /* ContactUsInteractor.swift */ = {isa = PBXFileReference; lastKnownFileType = sourcecode.swift; path = ContactUsInteractor.swift; sourceTree = "<group>"; };
		7F59E65028C44661004B3768 /* ContactUsPresenter.swift */ = {isa = PBXFileReference; lastKnownFileType = sourcecode.swift; path = ContactUsPresenter.swift; sourceTree = "<group>"; };
		7F59E65228C446B6004B3768 /* ContactUsModel.swift */ = {isa = PBXFileReference; lastKnownFileType = sourcecode.swift; path = ContactUsModel.swift; sourceTree = "<group>"; };
		7F59E65428C44D2C004B3768 /* ContactUsInputTableViewCell.swift */ = {isa = PBXFileReference; lastKnownFileType = sourcecode.swift; path = ContactUsInputTableViewCell.swift; sourceTree = "<group>"; };
		7F59E65628C44D3B004B3768 /* ContactUsButtonTableViewCell.swift */ = {isa = PBXFileReference; lastKnownFileType = sourcecode.swift; path = ContactUsButtonTableViewCell.swift; sourceTree = "<group>"; };
		7F59E65828C4517B004B3768 /* ContactUsWorker.swift */ = {isa = PBXFileReference; lastKnownFileType = sourcecode.swift; path = ContactUsWorker.swift; sourceTree = "<group>"; };
		7F59E65A28C453A2004B3768 /* WeatherAPI.swift */ = {isa = PBXFileReference; lastKnownFileType = sourcecode.swift; path = WeatherAPI.swift; sourceTree = "<group>"; };
		7F59E65C28C45480004B3768 /* ContactUsLocalAPI.swift */ = {isa = PBXFileReference; lastKnownFileType = sourcecode.swift; path = ContactUsLocalAPI.swift; sourceTree = "<group>"; };
		7F59E65E28C45B07004B3768 /* ContactUsAPI.swift */ = {isa = PBXFileReference; lastKnownFileType = sourcecode.swift; path = ContactUsAPI.swift; sourceTree = "<group>"; };
		7F59E66128C4694D004B3768 /* UIViewController+Extension.swift */ = {isa = PBXFileReference; lastKnownFileType = sourcecode.swift; path = "UIViewController+Extension.swift"; sourceTree = "<group>"; };
		7F59E66328C46B5E004B3768 /* Constants+Localisable.swift */ = {isa = PBXFileReference; lastKnownFileType = sourcecode.swift; path = "Constants+Localisable.swift"; sourceTree = "<group>"; };
		7F59E66528C46E64004B3768 /* UITableView+Extension.swift */ = {isa = PBXFileReference; lastKnownFileType = sourcecode.swift; path = "UITableView+Extension.swift"; sourceTree = "<group>"; };
		7F59E66728C4905D004B3768 /* CustomTextField.swift */ = {isa = PBXFileReference; lastKnownFileType = sourcecode.swift; path = CustomTextField.swift; sourceTree = "<group>"; };
		7F59E66928C49D9B004B3768 /* ContactUsTableFooterView.swift */ = {isa = PBXFileReference; lastKnownFileType = sourcecode.swift; path = ContactUsTableFooterView.swift; sourceTree = "<group>"; };
		7F59E66B28C4AC80004B3768 /* ContactUsViewControllerTests.swift */ = {isa = PBXFileReference; lastKnownFileType = sourcecode.swift; path = ContactUsViewControllerTests.swift; sourceTree = "<group>"; };
		7F59E66E28C4BDAE004B3768 /* ContactUsInteractorTests.swift */ = {isa = PBXFileReference; lastKnownFileType = sourcecode.swift; path = ContactUsInteractorTests.swift; sourceTree = "<group>"; };
		7F59E67028C4CEEB004B3768 /* ContactUsPresenterTests.swift */ = {isa = PBXFileReference; lastKnownFileType = sourcecode.swift; path = ContactUsPresenterTests.swift; sourceTree = "<group>"; };
		7F59E67228C4DEE3004B3768 /* WeatherDetailsViewController.swift */ = {isa = PBXFileReference; lastKnownFileType = sourcecode.swift; path = WeatherDetailsViewController.swift; sourceTree = "<group>"; };
		7F59E67528C4DF04004B3768 /* WeatherDetailsInteractor.swift */ = {isa = PBXFileReference; lastKnownFileType = sourcecode.swift; path = WeatherDetailsInteractor.swift; sourceTree = "<group>"; };
		7F59E67728C4DF0F004B3768 /* WeatherDetailsPresenter.swift */ = {isa = PBXFileReference; lastKnownFileType = sourcecode.swift; path = WeatherDetailsPresenter.swift; sourceTree = "<group>"; };
		7F59E67928C4DF20004B3768 /* WeatherDetailsModel.swift */ = {isa = PBXFileReference; lastKnownFileType = sourcecode.swift; path = WeatherDetailsModel.swift; sourceTree = "<group>"; };
		7F59E67E28C4EABB004B3768 /* weatherDetails.json */ = {isa = PBXFileReference; lastKnownFileType = text.json; path = weatherDetails.json; sourceTree = "<group>"; };
		7F59E68528C50020004B3768 /* WeatherDetailsTableViewCell.swift */ = {isa = PBXFileReference; lastKnownFileType = sourcecode.swift; path = WeatherDetailsTableViewCell.swift; sourceTree = "<group>"; };
		7F59E68628C50020004B3768 /* WeatherDetailsTableViewCell.xib */ = {isa = PBXFileReference; lastKnownFileType = file.xib; path = WeatherDetailsTableViewCell.xib; sourceTree = "<group>"; };
		7F59E68928C51A5B004B3768 /* WeatherDetailsControllerTests.swift */ = {isa = PBXFileReference; lastKnownFileType = sourcecode.swift; path = WeatherDetailsControllerTests.swift; sourceTree = "<group>"; };
		7F59E68C28C526D7004B3768 /* WeatherDetailsInteractorTests.swift */ = {isa = PBXFileReference; lastKnownFileType = sourcecode.swift; path = WeatherDetailsInteractorTests.swift; sourceTree = "<group>"; };
		7F59E68E28C52C79004B3768 /* WeatherDetailsPresenterTests.swift */ = {isa = PBXFileReference; lastKnownFileType = sourcecode.swift; path = WeatherDetailsPresenterTests.swift; sourceTree = "<group>"; };
		7FA2C05528C316FC004A0205 /* Weather.app */ = {isa = PBXFileReference; explicitFileType = wrapper.application; includeInIndex = 0; path = Weather.app; sourceTree = BUILT_PRODUCTS_DIR; };
		7FA2C05828C316FC004A0205 /* AppDelegate.swift */ = {isa = PBXFileReference; lastKnownFileType = sourcecode.swift; path = AppDelegate.swift; sourceTree = "<group>"; };
		7FA2C05A28C316FC004A0205 /* SceneDelegate.swift */ = {isa = PBXFileReference; lastKnownFileType = sourcecode.swift; path = SceneDelegate.swift; sourceTree = "<group>"; };
		7FA2C05C28C316FC004A0205 /* CityListViewController.swift */ = {isa = PBXFileReference; lastKnownFileType = sourcecode.swift; path = CityListViewController.swift; sourceTree = "<group>"; };
		7FA2C05F28C316FC004A0205 /* Base */ = {isa = PBXFileReference; lastKnownFileType = file.storyboard; name = Base; path = Base.lproj/Main.storyboard; sourceTree = "<group>"; };
		7FA2C06128C316FD004A0205 /* Assets.xcassets */ = {isa = PBXFileReference; lastKnownFileType = folder.assetcatalog; path = Assets.xcassets; sourceTree = "<group>"; };
		7FA2C06428C316FD004A0205 /* Base */ = {isa = PBXFileReference; lastKnownFileType = file.storyboard; name = Base; path = Base.lproj/LaunchScreen.storyboard; sourceTree = "<group>"; };
		7FA2C06628C316FD004A0205 /* Info.plist */ = {isa = PBXFileReference; lastKnownFileType = text.plist.xml; path = Info.plist; sourceTree = "<group>"; };
		7FA2C06B28C316FD004A0205 /* WeatherTests.xctest */ = {isa = PBXFileReference; explicitFileType = wrapper.cfbundle; includeInIndex = 0; path = WeatherTests.xctest; sourceTree = BUILT_PRODUCTS_DIR; };
		7FA2C06F28C316FD004A0205 /* WeatherTests.swift */ = {isa = PBXFileReference; lastKnownFileType = sourcecode.swift; path = WeatherTests.swift; sourceTree = "<group>"; };
		7FA2C07528C316FE004A0205 /* WeatherUITests.xctest */ = {isa = PBXFileReference; explicitFileType = wrapper.cfbundle; includeInIndex = 0; path = WeatherUITests.xctest; sourceTree = BUILT_PRODUCTS_DIR; };
		7FA2C07928C316FE004A0205 /* WeatherUITests.swift */ = {isa = PBXFileReference; lastKnownFileType = sourcecode.swift; path = WeatherUITests.swift; sourceTree = "<group>"; };
		7FA2C07B28C316FE004A0205 /* WeatherUITestsLaunchTests.swift */ = {isa = PBXFileReference; lastKnownFileType = sourcecode.swift; path = WeatherUITestsLaunchTests.swift; sourceTree = "<group>"; };
/* End PBXFileReference section */

/* Begin PBXFrameworksBuildPhase section */
		7FA2C05228C316FC004A0205 /* Frameworks */ = {
			isa = PBXFrameworksBuildPhase;
			buildActionMask = 2147483647;
			files = (
			);
			runOnlyForDeploymentPostprocessing = 0;
		};
		7FA2C06828C316FD004A0205 /* Frameworks */ = {
			isa = PBXFrameworksBuildPhase;
			buildActionMask = 2147483647;
			files = (
			);
			runOnlyForDeploymentPostprocessing = 0;
		};
		7FA2C07228C316FE004A0205 /* Frameworks */ = {
			isa = PBXFrameworksBuildPhase;
			buildActionMask = 2147483647;
			files = (
			);
			runOnlyForDeploymentPostprocessing = 0;
		};
/* End PBXFrameworksBuildPhase section */

/* Begin PBXGroup section */
		7F59E63528C3403E004B3768 /* CityList */ = {
			isa = PBXGroup;
			children = (
				7FA2C05C28C316FC004A0205 /* CityListViewController.swift */,
				7F59E63D28C346A7004B3768 /* CityListRouter.swift */,
				7F59E62928C319FC004B3768 /* CityListInteractor.swift */,
				7F59E62B28C31A69004B3768 /* CityListPresenter.swift */,
			);
			path = CityList;
			sourceTree = "<group>";
		};
		7F59E63828C340A0004B3768 /* Common */ = {
			isa = PBXGroup;
			children = (
				7F59E63928C34302004B3768 /* Constants */,
				7F59E66028C46934004B3768 /* Extensions */,
				7F59E66728C4905D004B3768 /* CustomTextField.swift */,
			);
			path = Common;
			sourceTree = "<group>";
		};
		7F59E63928C34302004B3768 /* Constants */ = {
			isa = PBXGroup;
			children = (
				7F59E63628C3408A004B3768 /* Constants.swift */,
				7F59E66328C46B5E004B3768 /* Constants+Localisable.swift */,
			);
			path = Constants;
			sourceTree = "<group>";
		};
		7F59E63F28C34D18004B3768 /* Scenes */ = {
			isa = PBXGroup;
			children = (
				7F59E64028C34D21004B3768 /* CityList */,
				7F59E66D28C4AC8B004B3768 /* ContactUs */,
				7F59E68B28C52684004B3768 /* WeatherDetails */,
			);
			path = Scenes;
			sourceTree = "<group>";
		};
		7F59E64028C34D21004B3768 /* CityList */ = {
			isa = PBXGroup;
			children = (
				7F59E64528C358E5004B3768 /* CityListControllerTests.swift */,
				7F59E64728C35C62004B3768 /* CityListInteractorTests.swift */,
				7F59E64928C364C4004B3768 /* CityListPresenterTests.swift */,
			);
			path = CityList;
			sourceTree = "<group>";
		};
		7F59E64D28C4463B004B3768 /* ContactUs */ = {
			isa = PBXGroup;
			children = (
				7F59E64B28C44637004B3768 /* ContactUsViewController.swift */,
				7F59E65428C44D2C004B3768 /* ContactUsInputTableViewCell.swift */,
				7F59E65628C44D3B004B3768 /* ContactUsButtonTableViewCell.swift */,
				7F59E66928C49D9B004B3768 /* ContactUsTableFooterView.swift */,
				7F59E64E28C44657004B3768 /* ContactUsInteractor.swift */,
				7F59E65028C44661004B3768 /* ContactUsPresenter.swift */,
			);
			path = ContactUs;
			sourceTree = "<group>";
		};
		7F59E66028C46934004B3768 /* Extensions */ = {
			isa = PBXGroup;
			children = (
				7F59E63B28C3433B004B3768 /* Collection+Extension.swift */,
				7F59E66128C4694D004B3768 /* UIViewController+Extension.swift */,
				7F59E66528C46E64004B3768 /* UITableView+Extension.swift */,
			);
			path = Extensions;
			sourceTree = "<group>";
		};
		7F59E66D28C4AC8B004B3768 /* ContactUs */ = {
			isa = PBXGroup;
			children = (
				7F59E66B28C4AC80004B3768 /* ContactUsViewControllerTests.swift */,
				7F59E66E28C4BDAE004B3768 /* ContactUsInteractorTests.swift */,
				7F59E67028C4CEEB004B3768 /* ContactUsPresenterTests.swift */,
			);
			path = ContactUs;
			sourceTree = "<group>";
		};
		7F59E67428C4DEE8004B3768 /* WeatherDetails */ = {
			isa = PBXGroup;
			children = (
				7F59E67228C4DEE3004B3768 /* WeatherDetailsViewController.swift */,
				7F59E68528C50020004B3768 /* WeatherDetailsTableViewCell.swift */,
				7F59E68628C50020004B3768 /* WeatherDetailsTableViewCell.xib */,
				7F59E67528C4DF04004B3768 /* WeatherDetailsInteractor.swift */,
				7F59E67728C4DF0F004B3768 /* WeatherDetailsPresenter.swift */,
			);
			path = WeatherDetails;
			sourceTree = "<group>";
		};
		7F59E67D28C4EA9D004B3768 /* StaticData */ = {
			isa = PBXGroup;
			children = (
				7F59E63328C31E3C004B3768 /* cities.json */,
				7F59E67E28C4EABB004B3768 /* weatherDetails.json */,
			);
			path = StaticData;
			sourceTree = "<group>";
		};
		7F59E68B28C52684004B3768 /* WeatherDetails */ = {
			isa = PBXGroup;
			children = (
				7F59E68928C51A5B004B3768 /* WeatherDetailsControllerTests.swift */,
				7F59E68C28C526D7004B3768 /* WeatherDetailsInteractorTests.swift */,
				7F59E68E28C52C79004B3768 /* WeatherDetailsPresenterTests.swift */,
			);
			path = WeatherDetails;
			sourceTree = "<group>";
		};
		7FA2C04C28C316FC004A0205 = {
			isa = PBXGroup;
			children = (
				7FA2C05728C316FC004A0205 /* Weather */,
				7FA2C06E28C316FD004A0205 /* WeatherTests */,
				7FA2C07828C316FE004A0205 /* WeatherUITests */,
				7FA2C05628C316FC004A0205 /* Products */,
			);
			sourceTree = "<group>";
		};
		7FA2C05628C316FC004A0205 /* Products */ = {
			isa = PBXGroup;
			children = (
				7FA2C05528C316FC004A0205 /* Weather.app */,
				7FA2C06B28C316FD004A0205 /* WeatherTests.xctest */,
				7FA2C07528C316FE004A0205 /* WeatherUITests.xctest */,
			);
			name = Products;
			sourceTree = "<group>";
		};
		7FA2C05728C316FC004A0205 /* Weather */ = {
			isa = PBXGroup;
			children = (
				7FA2C08A28C317EA004A0205 /* Services */,
				7FA2C08B28C317FF004A0205 /* Workers */,
				7FA2C08928C317DE004A0205 /* Models */,
				7FA2C08828C317D0004A0205 /* Scenes */,
				7F59E63828C340A0004B3768 /* Common */,
				7FA2C05828C316FC004A0205 /* AppDelegate.swift */,
				7FA2C05A28C316FC004A0205 /* SceneDelegate.swift */,
				7FA2C05E28C316FC004A0205 /* Main.storyboard */,
				7FA2C06128C316FD004A0205 /* Assets.xcassets */,
				7FA2C06328C316FD004A0205 /* LaunchScreen.storyboard */,
				7FA2C06628C316FD004A0205 /* Info.plist */,
			);
			path = Weather;
			sourceTree = "<group>";
		};
		7FA2C06E28C316FD004A0205 /* WeatherTests */ = {
			isa = PBXGroup;
			children = (
				7FA2C06F28C316FD004A0205 /* WeatherTests.swift */,
				7F59E63F28C34D18004B3768 /* Scenes */,
			);
			path = WeatherTests;
			sourceTree = "<group>";
		};
		7FA2C07828C316FE004A0205 /* WeatherUITests */ = {
			isa = PBXGroup;
			children = (
				7FA2C07928C316FE004A0205 /* WeatherUITests.swift */,
				7FA2C07B28C316FE004A0205 /* WeatherUITestsLaunchTests.swift */,
			);
			path = WeatherUITests;
			sourceTree = "<group>";
		};
		7FA2C08828C317D0004A0205 /* Scenes */ = {
			isa = PBXGroup;
			children = (
				7F59E63528C3403E004B3768 /* CityList */,
				7F59E67428C4DEE8004B3768 /* WeatherDetails */,
				7F59E64D28C4463B004B3768 /* ContactUs */,
			);
			path = Scenes;
			sourceTree = "<group>";
		};
		7FA2C08928C317DE004A0205 /* Models */ = {
			isa = PBXGroup;
			children = (
				7F59E63128C31D34004B3768 /* CityListModel.swift */,
				7F59E67928C4DF20004B3768 /* WeatherDetailsModel.swift */,
				7F59E65228C446B6004B3768 /* ContactUsModel.swift */,
			);
			path = Models;
			sourceTree = "<group>";
		};
		7FA2C08A28C317EA004A0205 /* Services */ = {
			isa = PBXGroup;
			children = (
				7F59E62F28C31C77004B3768 /* WeatherLocalAPI.swift */,
				7F59E65A28C453A2004B3768 /* WeatherAPI.swift */,
				7F59E65C28C45480004B3768 /* ContactUsLocalAPI.swift */,
				7F59E65E28C45B07004B3768 /* ContactUsAPI.swift */,
				7F59E67D28C4EA9D004B3768 /* StaticData */,
			);
			path = Services;
			sourceTree = "<group>";
		};
		7FA2C08B28C317FF004A0205 /* Workers */ = {
			isa = PBXGroup;
			children = (
				7F59E62D28C31B4F004B3768 /* WeatherDetailsWorker.swift */,
				7F59E65828C4517B004B3768 /* ContactUsWorker.swift */,
			);
			path = Workers;
			sourceTree = "<group>";
		};
/* End PBXGroup section */

/* Begin PBXNativeTarget section */
		7FA2C05428C316FC004A0205 /* Weather */ = {
			isa = PBXNativeTarget;
			buildConfigurationList = 7FA2C07F28C316FE004A0205 /* Build configuration list for PBXNativeTarget "Weather" */;
			buildPhases = (
				7FA2C05128C316FC004A0205 /* Sources */,
				7FA2C05228C316FC004A0205 /* Frameworks */,
				7FA2C05328C316FC004A0205 /* Resources */,
			);
			buildRules = (
			);
			dependencies = (
			);
			name = Weather;
			productName = Weather;
			productReference = 7FA2C05528C316FC004A0205 /* Weather.app */;
			productType = "com.apple.product-type.application";
		};
		7FA2C06A28C316FD004A0205 /* WeatherTests */ = {
			isa = PBXNativeTarget;
			buildConfigurationList = 7FA2C08228C316FE004A0205 /* Build configuration list for PBXNativeTarget "WeatherTests" */;
			buildPhases = (
				7FA2C06728C316FD004A0205 /* Sources */,
				7FA2C06828C316FD004A0205 /* Frameworks */,
				7FA2C06928C316FD004A0205 /* Resources */,
			);
			buildRules = (
			);
			dependencies = (
				7FA2C06D28C316FD004A0205 /* PBXTargetDependency */,
			);
			name = WeatherTests;
			productName = WeatherTests;
			productReference = 7FA2C06B28C316FD004A0205 /* WeatherTests.xctest */;
			productType = "com.apple.product-type.bundle.unit-test";
		};
		7FA2C07428C316FE004A0205 /* WeatherUITests */ = {
			isa = PBXNativeTarget;
			buildConfigurationList = 7FA2C08528C316FE004A0205 /* Build configuration list for PBXNativeTarget "WeatherUITests" */;
			buildPhases = (
				7FA2C07128C316FE004A0205 /* Sources */,
				7FA2C07228C316FE004A0205 /* Frameworks */,
				7FA2C07328C316FE004A0205 /* Resources */,
			);
			buildRules = (
			);
			dependencies = (
				7FA2C07728C316FE004A0205 /* PBXTargetDependency */,
			);
			name = WeatherUITests;
			productName = WeatherUITests;
			productReference = 7FA2C07528C316FE004A0205 /* WeatherUITests.xctest */;
			productType = "com.apple.product-type.bundle.ui-testing";
		};
/* End PBXNativeTarget section */

/* Begin PBXProject section */
		7FA2C04D28C316FC004A0205 /* Project object */ = {
			isa = PBXProject;
			attributes = {
				BuildIndependentTargetsInParallel = 1;
				LastSwiftUpdateCheck = 1340;
				LastUpgradeCheck = 1340;
				TargetAttributes = {
					7FA2C05428C316FC004A0205 = {
						CreatedOnToolsVersion = 13.4.1;
					};
					7FA2C06A28C316FD004A0205 = {
						CreatedOnToolsVersion = 13.4.1;
						TestTargetID = 7FA2C05428C316FC004A0205;
					};
					7FA2C07428C316FE004A0205 = {
						CreatedOnToolsVersion = 13.4.1;
						TestTargetID = 7FA2C05428C316FC004A0205;
					};
				};
			};
			buildConfigurationList = 7FA2C05028C316FC004A0205 /* Build configuration list for PBXProject "Weather" */;
			compatibilityVersion = "Xcode 13.0";
			developmentRegion = en;
			hasScannedForEncodings = 0;
			knownRegions = (
				en,
				Base,
			);
			mainGroup = 7FA2C04C28C316FC004A0205;
			productRefGroup = 7FA2C05628C316FC004A0205 /* Products */;
			projectDirPath = "";
			projectRoot = "";
			targets = (
				7FA2C05428C316FC004A0205 /* Weather */,
				7FA2C06A28C316FD004A0205 /* WeatherTests */,
				7FA2C07428C316FE004A0205 /* WeatherUITests */,
			);
		};
/* End PBXProject section */

/* Begin PBXResourcesBuildPhase section */
		7FA2C05328C316FC004A0205 /* Resources */ = {
			isa = PBXResourcesBuildPhase;
			buildActionMask = 2147483647;
			files = (
				7F59E63428C31E3C004B3768 /* cities.json in Resources */,
				7F59E68828C50020004B3768 /* WeatherDetailsTableViewCell.xib in Resources */,
				7FA2C06528C316FD004A0205 /* LaunchScreen.storyboard in Resources */,
				7FA2C06228C316FD004A0205 /* Assets.xcassets in Resources */,
				7F59E67F28C4EABB004B3768 /* weatherDetails.json in Resources */,
				7FA2C06028C316FC004A0205 /* Main.storyboard in Resources */,
			);
			runOnlyForDeploymentPostprocessing = 0;
		};
		7FA2C06928C316FD004A0205 /* Resources */ = {
			isa = PBXResourcesBuildPhase;
			buildActionMask = 2147483647;
			files = (
			);
			runOnlyForDeploymentPostprocessing = 0;
		};
		7FA2C07328C316FE004A0205 /* Resources */ = {
			isa = PBXResourcesBuildPhase;
			buildActionMask = 2147483647;
			files = (
			);
			runOnlyForDeploymentPostprocessing = 0;
		};
/* End PBXResourcesBuildPhase section */

/* Begin PBXSourcesBuildPhase section */
		7FA2C05128C316FC004A0205 /* Sources */ = {
			isa = PBXSourcesBuildPhase;
			buildActionMask = 2147483647;
			files = (
				7F59E63E28C346A7004B3768 /* CityListRouter.swift in Sources */,
				7FA2C05D28C316FC004A0205 /* CityListViewController.swift in Sources */,
				7F59E65928C4517B004B3768 /* ContactUsWorker.swift in Sources */,
				7FA2C05928C316FC004A0205 /* AppDelegate.swift in Sources */,
				7F59E63C28C3433B004B3768 /* Collection+Extension.swift in Sources */,
				7F59E68028C4EBA8004B3768 /* WeatherDetailsViewController.swift in Sources */,
				7F59E68428C4EBAF004B3768 /* WeatherDetailsPresenter.swift in Sources */,
				7FA2C05B28C316FC004A0205 /* SceneDelegate.swift in Sources */,
				7F59E68228C4EBAF004B3768 /* WeatherDetailsModel.swift in Sources */,
				7F59E65B28C453A2004B3768 /* WeatherAPI.swift in Sources */,
				7F59E66A28C49D9B004B3768 /* ContactUsTableFooterView.swift in Sources */,
				7F59E65328C446B6004B3768 /* ContactUsModel.swift in Sources */,
				7F59E62C28C31A69004B3768 /* CityListPresenter.swift in Sources */,
				7F59E66828C4905D004B3768 /* CustomTextField.swift in Sources */,
				7F59E65D28C45480004B3768 /* ContactUsLocalAPI.swift in Sources */,
				7F59E63228C31D34004B3768 /* CityListModel.swift in Sources */,
				7F59E62E28C31B4F004B3768 /* WeatherDetailsWorker.swift in Sources */,
				7F59E66228C4694D004B3768 /* UIViewController+Extension.swift in Sources */,
				7F59E65F28C45B07004B3768 /* ContactUsAPI.swift in Sources */,
				7F59E68728C50020004B3768 /* WeatherDetailsTableViewCell.swift in Sources */,
				7F59E65728C44D3B004B3768 /* ContactUsButtonTableViewCell.swift in Sources */,
				7F59E65528C44D2C004B3768 /* ContactUsInputTableViewCell.swift in Sources */,
				7F59E64C28C44637004B3768 /* ContactUsViewController.swift in Sources */,
				7F59E64F28C44657004B3768 /* ContactUsInteractor.swift in Sources */,
				7F59E62A28C319FC004B3768 /* CityListInteractor.swift in Sources */,
				7F59E63028C31C77004B3768 /* WeatherLocalAPI.swift in Sources */,
				7F59E63728C3408A004B3768 /* Constants.swift in Sources */,
				7F59E66428C46B5E004B3768 /* Constants+Localisable.swift in Sources */,
				7F59E65128C44661004B3768 /* ContactUsPresenter.swift in Sources */,
				7F59E68328C4EBAF004B3768 /* WeatherDetailsInteractor.swift in Sources */,
				7F59E66628C46E64004B3768 /* UITableView+Extension.swift in Sources */,
			);
			runOnlyForDeploymentPostprocessing = 0;
		};
		7FA2C06728C316FD004A0205 /* Sources */ = {
			isa = PBXSourcesBuildPhase;
			buildActionMask = 2147483647;
			files = (
				7F59E68F28C52C79004B3768 /* WeatherDetailsPresenterTests.swift in Sources */,
				7F59E67128C4CEEB004B3768 /* ContactUsPresenterTests.swift in Sources */,
				7F59E66C28C4AC80004B3768 /* ContactUsViewControllerTests.swift in Sources */,
				7F59E64828C35C62004B3768 /* CityListInteractorTests.swift in Sources */,
				7F59E68A28C51A5B004B3768 /* WeatherDetailsControllerTests.swift in Sources */,
				7FA2C07028C316FD004A0205 /* WeatherTests.swift in Sources */,
				7F59E68D28C526D7004B3768 /* WeatherDetailsInteractorTests.swift in Sources */,
				7F59E64628C358E5004B3768 /* CityListControllerTests.swift in Sources */,
				7F59E64A28C364C4004B3768 /* CityListPresenterTests.swift in Sources */,
				7F59E66F28C4BDAE004B3768 /* ContactUsInteractorTests.swift in Sources */,
			);
			runOnlyForDeploymentPostprocessing = 0;
		};
		7FA2C07128C316FE004A0205 /* Sources */ = {
			isa = PBXSourcesBuildPhase;
			buildActionMask = 2147483647;
			files = (
				7FA2C07A28C316FE004A0205 /* WeatherUITests.swift in Sources */,
				7FA2C07C28C316FE004A0205 /* WeatherUITestsLaunchTests.swift in Sources */,
			);
			runOnlyForDeploymentPostprocessing = 0;
		};
/* End PBXSourcesBuildPhase section */

/* Begin PBXTargetDependency section */
		7FA2C06D28C316FD004A0205 /* PBXTargetDependency */ = {
			isa = PBXTargetDependency;
			target = 7FA2C05428C316FC004A0205 /* Weather */;
			targetProxy = 7FA2C06C28C316FD004A0205 /* PBXContainerItemProxy */;
		};
		7FA2C07728C316FE004A0205 /* PBXTargetDependency */ = {
			isa = PBXTargetDependency;
			target = 7FA2C05428C316FC004A0205 /* Weather */;
			targetProxy = 7FA2C07628C316FE004A0205 /* PBXContainerItemProxy */;
		};
/* End PBXTargetDependency section */

/* Begin PBXVariantGroup section */
		7FA2C05E28C316FC004A0205 /* Main.storyboard */ = {
			isa = PBXVariantGroup;
			children = (
				7FA2C05F28C316FC004A0205 /* Base */,
			);
			name = Main.storyboard;
			sourceTree = "<group>";
		};
		7FA2C06328C316FD004A0205 /* LaunchScreen.storyboard */ = {
			isa = PBXVariantGroup;
			children = (
				7FA2C06428C316FD004A0205 /* Base */,
			);
			name = LaunchScreen.storyboard;
			sourceTree = "<group>";
		};
/* End PBXVariantGroup section */

/* Begin XCBuildConfiguration section */
		7FA2C07D28C316FE004A0205 /* Debug */ = {
			isa = XCBuildConfiguration;
			buildSettings = {
				ALWAYS_SEARCH_USER_PATHS = NO;
				CLANG_ANALYZER_NONNULL = YES;
				CLANG_ANALYZER_NUMBER_OBJECT_CONVERSION = YES_AGGRESSIVE;
				CLANG_CXX_LANGUAGE_STANDARD = "gnu++17";
				CLANG_ENABLE_MODULES = YES;
				CLANG_ENABLE_OBJC_ARC = YES;
				CLANG_ENABLE_OBJC_WEAK = YES;
				CLANG_WARN_BLOCK_CAPTURE_AUTORELEASING = YES;
				CLANG_WARN_BOOL_CONVERSION = YES;
				CLANG_WARN_COMMA = YES;
				CLANG_WARN_CONSTANT_CONVERSION = YES;
				CLANG_WARN_DEPRECATED_OBJC_IMPLEMENTATIONS = YES;
				CLANG_WARN_DIRECT_OBJC_ISA_USAGE = YES_ERROR;
				CLANG_WARN_DOCUMENTATION_COMMENTS = YES;
				CLANG_WARN_EMPTY_BODY = YES;
				CLANG_WARN_ENUM_CONVERSION = YES;
				CLANG_WARN_INFINITE_RECURSION = YES;
				CLANG_WARN_INT_CONVERSION = YES;
				CLANG_WARN_NON_LITERAL_NULL_CONVERSION = YES;
				CLANG_WARN_OBJC_IMPLICIT_RETAIN_SELF = YES;
				CLANG_WARN_OBJC_LITERAL_CONVERSION = YES;
				CLANG_WARN_OBJC_ROOT_CLASS = YES_ERROR;
				CLANG_WARN_QUOTED_INCLUDE_IN_FRAMEWORK_HEADER = YES;
				CLANG_WARN_RANGE_LOOP_ANALYSIS = YES;
				CLANG_WARN_STRICT_PROTOTYPES = YES;
				CLANG_WARN_SUSPICIOUS_MOVE = YES;
				CLANG_WARN_UNGUARDED_AVAILABILITY = YES_AGGRESSIVE;
				CLANG_WARN_UNREACHABLE_CODE = YES;
				CLANG_WARN__DUPLICATE_METHOD_MATCH = YES;
				COPY_PHASE_STRIP = NO;
				DEBUG_INFORMATION_FORMAT = dwarf;
				ENABLE_STRICT_OBJC_MSGSEND = YES;
				ENABLE_TESTABILITY = YES;
				GCC_C_LANGUAGE_STANDARD = gnu11;
				GCC_DYNAMIC_NO_PIC = NO;
				GCC_NO_COMMON_BLOCKS = YES;
				GCC_OPTIMIZATION_LEVEL = 0;
				GCC_PREPROCESSOR_DEFINITIONS = (
					"DEBUG=1",
					"$(inherited)",
				);
				GCC_WARN_64_TO_32_BIT_CONVERSION = YES;
				GCC_WARN_ABOUT_RETURN_TYPE = YES_ERROR;
				GCC_WARN_UNDECLARED_SELECTOR = YES;
				GCC_WARN_UNINITIALIZED_AUTOS = YES_AGGRESSIVE;
				GCC_WARN_UNUSED_FUNCTION = YES;
				GCC_WARN_UNUSED_VARIABLE = YES;
				IPHONEOS_DEPLOYMENT_TARGET = 15.5;
				MTL_ENABLE_DEBUG_INFO = INCLUDE_SOURCE;
				MTL_FAST_MATH = YES;
				ONLY_ACTIVE_ARCH = YES;
				SDKROOT = iphoneos;
				SWIFT_ACTIVE_COMPILATION_CONDITIONS = DEBUG;
				SWIFT_OPTIMIZATION_LEVEL = "-Onone";
			};
			name = Debug;
		};
		7FA2C07E28C316FE004A0205 /* Release */ = {
			isa = XCBuildConfiguration;
			buildSettings = {
				ALWAYS_SEARCH_USER_PATHS = NO;
				CLANG_ANALYZER_NONNULL = YES;
				CLANG_ANALYZER_NUMBER_OBJECT_CONVERSION = YES_AGGRESSIVE;
				CLANG_CXX_LANGUAGE_STANDARD = "gnu++17";
				CLANG_ENABLE_MODULES = YES;
				CLANG_ENABLE_OBJC_ARC = YES;
				CLANG_ENABLE_OBJC_WEAK = YES;
				CLANG_WARN_BLOCK_CAPTURE_AUTORELEASING = YES;
				CLANG_WARN_BOOL_CONVERSION = YES;
				CLANG_WARN_COMMA = YES;
				CLANG_WARN_CONSTANT_CONVERSION = YES;
				CLANG_WARN_DEPRECATED_OBJC_IMPLEMENTATIONS = YES;
				CLANG_WARN_DIRECT_OBJC_ISA_USAGE = YES_ERROR;
				CLANG_WARN_DOCUMENTATION_COMMENTS = YES;
				CLANG_WARN_EMPTY_BODY = YES;
				CLANG_WARN_ENUM_CONVERSION = YES;
				CLANG_WARN_INFINITE_RECURSION = YES;
				CLANG_WARN_INT_CONVERSION = YES;
				CLANG_WARN_NON_LITERAL_NULL_CONVERSION = YES;
				CLANG_WARN_OBJC_IMPLICIT_RETAIN_SELF = YES;
				CLANG_WARN_OBJC_LITERAL_CONVERSION = YES;
				CLANG_WARN_OBJC_ROOT_CLASS = YES_ERROR;
				CLANG_WARN_QUOTED_INCLUDE_IN_FRAMEWORK_HEADER = YES;
				CLANG_WARN_RANGE_LOOP_ANALYSIS = YES;
				CLANG_WARN_STRICT_PROTOTYPES = YES;
				CLANG_WARN_SUSPICIOUS_MOVE = YES;
				CLANG_WARN_UNGUARDED_AVAILABILITY = YES_AGGRESSIVE;
				CLANG_WARN_UNREACHABLE_CODE = YES;
				CLANG_WARN__DUPLICATE_METHOD_MATCH = YES;
				COPY_PHASE_STRIP = NO;
				DEBUG_INFORMATION_FORMAT = "dwarf-with-dsym";
				ENABLE_NS_ASSERTIONS = NO;
				ENABLE_STRICT_OBJC_MSGSEND = YES;
				GCC_C_LANGUAGE_STANDARD = gnu11;
				GCC_NO_COMMON_BLOCKS = YES;
				GCC_WARN_64_TO_32_BIT_CONVERSION = YES;
				GCC_WARN_ABOUT_RETURN_TYPE = YES_ERROR;
				GCC_WARN_UNDECLARED_SELECTOR = YES;
				GCC_WARN_UNINITIALIZED_AUTOS = YES_AGGRESSIVE;
				GCC_WARN_UNUSED_FUNCTION = YES;
				GCC_WARN_UNUSED_VARIABLE = YES;
				IPHONEOS_DEPLOYMENT_TARGET = 15.5;
				MTL_ENABLE_DEBUG_INFO = NO;
				MTL_FAST_MATH = YES;
				SDKROOT = iphoneos;
				SWIFT_COMPILATION_MODE = wholemodule;
				SWIFT_OPTIMIZATION_LEVEL = "-O";
				VALIDATE_PRODUCT = YES;
			};
			name = Release;
		};
		7FA2C08028C316FE004A0205 /* Debug */ = {
			isa = XCBuildConfiguration;
			buildSettings = {
				ASSETCATALOG_COMPILER_APPICON_NAME = AppIcon;
				ASSETCATALOG_COMPILER_GLOBAL_ACCENT_COLOR_NAME = AccentColor;
				CODE_SIGN_STYLE = Automatic;
				CURRENT_PROJECT_VERSION = 1;
				GENERATE_INFOPLIST_FILE = YES;
				INFOPLIST_FILE = Weather/Info.plist;
				INFOPLIST_KEY_UIApplicationSupportsIndirectInputEvents = YES;
				INFOPLIST_KEY_UILaunchStoryboardName = LaunchScreen;
				INFOPLIST_KEY_UIMainStoryboardFile = Main;
				INFOPLIST_KEY_UISupportedInterfaceOrientations_iPad = "UIInterfaceOrientationPortrait UIInterfaceOrientationPortraitUpsideDown UIInterfaceOrientationLandscapeLeft UIInterfaceOrientationLandscapeRight";
				INFOPLIST_KEY_UISupportedInterfaceOrientations_iPhone = "UIInterfaceOrientationPortrait UIInterfaceOrientationLandscapeLeft UIInterfaceOrientationLandscapeRight";
				IPHONEOS_DEPLOYMENT_TARGET = 15.0;
				LD_RUNPATH_SEARCH_PATHS = (
					"$(inherited)",
					"@executable_path/Frameworks",
				);
				MARKETING_VERSION = 1.0;
				PRODUCT_BUNDLE_IDENTIFIER = com.pelmorex.weather.Weather;
				PRODUCT_NAME = "$(TARGET_NAME)";
				SWIFT_EMIT_LOC_STRINGS = YES;
				SWIFT_VERSION = 5.0;
				TARGETED_DEVICE_FAMILY = "1,2";
			};
			name = Debug;
		};
		7FA2C08128C316FE004A0205 /* Release */ = {
			isa = XCBuildConfiguration;
			buildSettings = {
				ASSETCATALOG_COMPILER_APPICON_NAME = AppIcon;
				ASSETCATALOG_COMPILER_GLOBAL_ACCENT_COLOR_NAME = AccentColor;
				CODE_SIGN_STYLE = Automatic;
				CURRENT_PROJECT_VERSION = 1;
				GENERATE_INFOPLIST_FILE = YES;
				INFOPLIST_FILE = Weather/Info.plist;
				INFOPLIST_KEY_UIApplicationSupportsIndirectInputEvents = YES;
				INFOPLIST_KEY_UILaunchStoryboardName = LaunchScreen;
				INFOPLIST_KEY_UIMainStoryboardFile = Main;
				INFOPLIST_KEY_UISupportedInterfaceOrientations_iPad = "UIInterfaceOrientationPortrait UIInterfaceOrientationPortraitUpsideDown UIInterfaceOrientationLandscapeLeft UIInterfaceOrientationLandscapeRight";
				INFOPLIST_KEY_UISupportedInterfaceOrientations_iPhone = "UIInterfaceOrientationPortrait UIInterfaceOrientationLandscapeLeft UIInterfaceOrientationLandscapeRight";
				IPHONEOS_DEPLOYMENT_TARGET = 15.0;
				LD_RUNPATH_SEARCH_PATHS = (
					"$(inherited)",
					"@executable_path/Frameworks",
				);
				MARKETING_VERSION = 1.0;
				PRODUCT_BUNDLE_IDENTIFIER = com.pelmorex.weather.Weather;
				PRODUCT_NAME = "$(TARGET_NAME)";
				SWIFT_EMIT_LOC_STRINGS = YES;
				SWIFT_VERSION = 5.0;
				TARGETED_DEVICE_FAMILY = "1,2";
			};
			name = Release;
		};
		7FA2C08328C316FE004A0205 /* Debug */ = {
			isa = XCBuildConfiguration;
			buildSettings = {
				ALWAYS_EMBED_SWIFT_STANDARD_LIBRARIES = YES;
				BUNDLE_LOADER = "$(TEST_HOST)";
				CODE_SIGN_STYLE = Automatic;
				CURRENT_PROJECT_VERSION = 1;
				GENERATE_INFOPLIST_FILE = YES;
				IPHONEOS_DEPLOYMENT_TARGET = 15.5;
				MARKETING_VERSION = 1.0;
				PRODUCT_BUNDLE_IDENTIFIER = com.pelmorex.weather.WeatherTests;
				PRODUCT_NAME = "$(TARGET_NAME)";
				SWIFT_EMIT_LOC_STRINGS = NO;
				SWIFT_VERSION = 5.0;
				TARGETED_DEVICE_FAMILY = "1,2";
				TEST_HOST = "$(BUILT_PRODUCTS_DIR)/Weather.app/Weather";
			};
			name = Debug;
		};
		7FA2C08428C316FE004A0205 /* Release */ = {
			isa = XCBuildConfiguration;
			buildSettings = {
				ALWAYS_EMBED_SWIFT_STANDARD_LIBRARIES = YES;
				BUNDLE_LOADER = "$(TEST_HOST)";
				CODE_SIGN_STYLE = Automatic;
				CURRENT_PROJECT_VERSION = 1;
				GENERATE_INFOPLIST_FILE = YES;
				IPHONEOS_DEPLOYMENT_TARGET = 15.5;
				MARKETING_VERSION = 1.0;
				PRODUCT_BUNDLE_IDENTIFIER = com.pelmorex.weather.WeatherTests;
				PRODUCT_NAME = "$(TARGET_NAME)";
				SWIFT_EMIT_LOC_STRINGS = NO;
				SWIFT_VERSION = 5.0;
				TARGETED_DEVICE_FAMILY = "1,2";
				TEST_HOST = "$(BUILT_PRODUCTS_DIR)/Weather.app/Weather";
			};
			name = Release;
		};
		7FA2C08628C316FE004A0205 /* Debug */ = {
			isa = XCBuildConfiguration;
			buildSettings = {
				ALWAYS_EMBED_SWIFT_STANDARD_LIBRARIES = YES;
				CODE_SIGN_STYLE = Automatic;
				CURRENT_PROJECT_VERSION = 1;
				GENERATE_INFOPLIST_FILE = YES;
				MARKETING_VERSION = 1.0;
				PRODUCT_BUNDLE_IDENTIFIER = com.pelmorex.weather.WeatherUITests;
				PRODUCT_NAME = "$(TARGET_NAME)";
				SWIFT_EMIT_LOC_STRINGS = NO;
				SWIFT_VERSION = 5.0;
				TARGETED_DEVICE_FAMILY = "1,2";
				TEST_TARGET_NAME = Weather;
			};
			name = Debug;
		};
		7FA2C08728C316FE004A0205 /* Release */ = {
			isa = XCBuildConfiguration;
			buildSettings = {
				ALWAYS_EMBED_SWIFT_STANDARD_LIBRARIES = YES;
				CODE_SIGN_STYLE = Automatic;
				CURRENT_PROJECT_VERSION = 1;
				GENERATE_INFOPLIST_FILE = YES;
				MARKETING_VERSION = 1.0;
				PRODUCT_BUNDLE_IDENTIFIER = com.pelmorex.weather.WeatherUITests;
				PRODUCT_NAME = "$(TARGET_NAME)";
				SWIFT_EMIT_LOC_STRINGS = NO;
				SWIFT_VERSION = 5.0;
				TARGETED_DEVICE_FAMILY = "1,2";
				TEST_TARGET_NAME = Weather;
			};
			name = Release;
		};
/* End XCBuildConfiguration section */

/* Begin XCConfigurationList section */
		7FA2C05028C316FC004A0205 /* Build configuration list for PBXProject "Weather" */ = {
			isa = XCConfigurationList;
			buildConfigurations = (
				7FA2C07D28C316FE004A0205 /* Debug */,
				7FA2C07E28C316FE004A0205 /* Release */,
			);
			defaultConfigurationIsVisible = 0;
			defaultConfigurationName = Release;
		};
		7FA2C07F28C316FE004A0205 /* Build configuration list for PBXNativeTarget "Weather" */ = {
			isa = XCConfigurationList;
			buildConfigurations = (
				7FA2C08028C316FE004A0205 /* Debug */,
				7FA2C08128C316FE004A0205 /* Release */,
			);
			defaultConfigurationIsVisible = 0;
			defaultConfigurationName = Release;
		};
		7FA2C08228C316FE004A0205 /* Build configuration list for PBXNativeTarget "WeatherTests" */ = {
			isa = XCConfigurationList;
			buildConfigurations = (
				7FA2C08328C316FE004A0205 /* Debug */,
				7FA2C08428C316FE004A0205 /* Release */,
			);
			defaultConfigurationIsVisible = 0;
			defaultConfigurationName = Release;
		};
		7FA2C08528C316FE004A0205 /* Build configuration list for PBXNativeTarget "WeatherUITests" */ = {
			isa = XCConfigurationList;
			buildConfigurations = (
				7FA2C08628C316FE004A0205 /* Debug */,
				7FA2C08728C316FE004A0205 /* Release */,
			);
			defaultConfigurationIsVisible = 0;
			defaultConfigurationName = Release;
		};
/* End XCConfigurationList section */
	};
	rootObject = 7FA2C04D28C316FC004A0205 /* Project object */;
}
